
Microsoft Visual Studio Solution File, Format Version 11.00
# Visual Studio 2010
Project("{FAE04EC0-301F-11D3-BF4B-00C04F79EFBC}") = "Assembly-CSharp", "Assembly-CSharp.csproj", "{0a82ca25-8b82-89ed-6c2f-84752cc6abf0}"
EndProject
Project("{FAE04EC0-301F-11D3-BF4B-00C04F79EFBC}") = "Assembly-CSharp-Editor", "Assembly-CSharp-Editor.csproj", "{193c5fcb-208d-8bb3-3fb1-ed5790443f7c}"
EndProject
Global
	GlobalSection(SolutionConfigurationPlatforms) = preSolution
		Debug|Any CPU = Debug|Any CPU
	EndGlobalSection
	GlobalSection(ProjectConfigurationPlatforms) = postSolution
		{0a82ca25-8b82-89ed-6c2f-84752cc6abf0}.Debug|Any CPU.ActiveCfg = Debug|Any CPU
		{0a82ca25-8b82-89ed-6c2f-84752cc6abf0}.Debug|Any CPU.Build.0 = Debug|Any CPU
		{193c5fcb-208d-8bb3-3fb1-ed5790443f7c}.Debug|Any CPU.ActiveCfg = Debug|Any CPU
		{193c5fcb-208d-8bb3-3fb1-ed5790443f7c}.Debug|Any CPU.Build.0 = Debug|Any CPU
	EndGlobalSection
	GlobalSection(SolutionProperties) = preSolution
		HideSolutionNode = FALSE
	EndGlobalSection
EndGlobal
